
Microsoft Visual Studio Solution File, Format Version 12.00
# Visual Studio Version 17
VisualStudioVersion = 17.2.32616.157
MinimumVisualStudioVersion = 10.0.40219.1
Project("{FAE04EC0-301F-11D3-BF4B-00C04F79EFBC}") = "NidzhatUP", "NidzhatUP.csproj", "{08726635-6501-4BDC-B1F8-57A26AED50C0}"
EndProject
Global
	GlobalSection(SolutionConfigurationPlatforms) = preSolution
		Debug|Any CPU = Debug|Any CPU
		Release|Any CPU = Release|Any CPU
	EndGlobalSection
	GlobalSection(ProjectConfigurationPlatforms) = postSolution
		{08726635-6501-4BDC-B1F8-57A26AED50C0}.Debug|Any CPU.ActiveCfg = Debug|Any CPU
		{08726635-6501-4BDC-B1F8-57A26AED50C0}.Debug|Any CPU.Build.0 = Debug|Any CPU
		{08726635-6501-4BDC-B1F8-57A26AED50C0}.Release|Any CPU.ActiveCfg = Release|Any CPU
		{08726635-6501-4BDC-B1F8-57A26AED50C0}.Release|Any CPU.Build.0 = Release|Any CPU
	EndGlobalSection
	GlobalSection(SolutionProperties) = preSolution
		HideSolutionNode = FALSE
	EndGlobalSection
	GlobalSection(ExtensibilityGlobals) = postSolution
		SolutionGuid = {18A5E75A-29AB-476D-B40E-95FF32BDDCF3}
	EndGlobalSection
EndGlobal
